// !$*UTF8*$!
{
	archiveVersion = 1;
	classes = {
	};
	objectVersion = 56;
	objects = {

/* Begin PBXBuildFile section */
		03EAE33055CF1A3A92DD2960 /* SelfDisciplineWidgetExtension.appex in Embed App Extensions */ = {isa = PBXBuildFile; fileRef = 60B3F0E8D15B60E60FB85F74 /* SelfDisciplineWidgetExtension.appex */; settings = {ATTRIBUTES = (RemoveHeadersOnCopy, ); }; };
		42DF2B984BECAEA2A4519A2A /* SelfDisciplineWidgetBundle.swift in Sources */ = {isa = PBXBuildFile; fileRef = 11026A82E406ABDB6A658585 /* SelfDisciplineWidgetBundle.swift */; };
		53DADFB017C39C303935AA18 /* CheckInIntent.swift in Sources */ = {isa = PBXBuildFile; fileRef = 0C667C13D23E3C25435E40C8 /* CheckInIntent.swift */; };
		6199680867D43553E016637E /* CheckInStore.swift in Sources */ = {isa = PBXBuildFile; fileRef = CBEE4A06D741AC66EADEC269 /* CheckInStore.swift */; };
		659E62137BEAA32D58F123E2 /* SelfDisciplineSnapshot.swift in Sources */ = {isa = PBXBuildFile; fileRef = 244CA64FBCAF86AE4DEE1C28 /* SelfDisciplineSnapshot.swift */; };
		84446E439540836E0F5E95CC /* SelfDisciplineWidget.swift in Sources */ = {isa = PBXBuildFile; fileRef = FA60B10E6F9F44B0495E0523 /* SelfDisciplineWidget.swift */; };
		9D41D4398333A9518DDC2A0C /* CheckInStore.swift in Sources */ = {isa = PBXBuildFile; fileRef = CBEE4A06D741AC66EADEC269 /* CheckInStore.swift */; };
		A062D5B8B85F6A63A468C2C4 /* SelfDisciplineUI.swift in Sources */ = {isa = PBXBuildFile; fileRef = 2B79AD26F46D59E134FA6054 /* SelfDisciplineUI.swift */; };
		AB44795F1B84C7D597875621 /* Assets.xcassets in Resources */ = {isa = PBXBuildFile; fileRef = 8FC475D3AF666FCF2548BA2A /* Assets.xcassets */; };
		B270156F8129D8987EDEF42F /* SelfDisciplineView.swift in Sources */ = {isa = PBXBuildFile; fileRef = 53E3A6B2544656576585C36E /* SelfDisciplineView.swift */; };
		B43EF8871B2875DC972A04A5 /* SelfDisciplineSnapshot.swift in Sources */ = {isa = PBXBuildFile; fileRef = 244CA64FBCAF86AE4DEE1C28 /* SelfDisciplineSnapshot.swift */; };
		BAA5984541DE214D14E7FAE0 /* SelfDisciplineUI.swift in Sources */ = {isa = PBXBuildFile; fileRef = 2B79AD26F46D59E134FA6054 /* SelfDisciplineUI.swift */; };
		BD3031A3E2ECC46301272790 /* SelfDisciplineModel.swift in Sources */ = {isa = PBXBuildFile; fileRef = B1B83C1353E871D704F91323 /* SelfDisciplineModel.swift */; };
		BF0000000000000000000002 /* AppState.swift in Sources */ = {isa = PBXBuildFile; fileRef = FE0000000000000000000001 /* AppState.swift */; };
		BF0000000000000000000004 /* HealthApp.swift in Sources */ = {isa = PBXBuildFile; fileRef = FE0000000000000000000003 /* HealthApp.swift */; };
		BF0000000000000000000006 /* MainTabView.swift in Sources */ = {isa = PBXBuildFile; fileRef = FE0000000000000000000005 /* MainTabView.swift */; };
		BF0000000000000000000008 /* Color+Tokens.swift in Sources */ = {isa = PBXBuildFile; fileRef = FE0000000000000000000007 /* Color+Tokens.swift */; };
		BF000000000000000000000A /* Components.swift in Sources */ = {isa = PBXBuildFile; fileRef = FE0000000000000000000009 /* Components.swift */; };
		BF000000000000000000000C /* Toast.swift in Sources */ = {isa = PBXBuildFile; fileRef = FE000000000000000000000B /* Toast.swift */; };
		BF0000000000000000000010 /* ExerciseView.swift in Sources */ = {isa = PBXBuildFile; fileRef = FE000000000000000000000F /* ExerciseView.swift */; };
		BF0000000000000000000012 /* RecentEventRow.swift in Sources */ = {isa = PBXBuildFile; fileRef = FE0000000000000000000011 /* RecentEventRow.swift */; };
		BF0000000000000000000014 /* WeightSparkline.swift in Sources */ = {isa = PBXBuildFile; fileRef = FE0000000000000000000013 /* WeightSparkline.swift */; };
		BF0000000000000000000016 /* HomeView.swift in Sources */ = {isa = PBXBuildFile; fileRef = FE0000000000000000000015 /* HomeView.swift */; };
		BF0000000000000000000018 /* HomeViewModel.swift in Sources */ = {isa = PBXBuildFile; fileRef = FE0000000000000000000017 /* HomeViewModel.swift */; };
		BF000000000000000000001A /* PlaceholderContent.swift in Sources */ = {isa = PBXBuildFile; fileRef = FE0000000000000000000019 /* PlaceholderContent.swift */; };
		BF000000000000000000001C /* ProfileView.swift in Sources */ = {isa = PBXBuildFile; fileRef = FE000000000000000000001B /* ProfileView.swift */; };
		BF000000000000000000001E /* SleepView.swift in Sources */ = {isa = PBXBuildFile; fileRef = FE000000000000000000001D /* SleepView.swift */; };
		BF0000000000000000000020 /* WeightView.swift in Sources */ = {isa = PBXBuildFile; fileRef = FE000000000000000000001F /* WeightView.swift */; };
		BF0000000000000000000022 /* Double+Rounding.swift in Sources */ = {isa = PBXBuildFile; fileRef = FE0000000000000000000021 /* Double+Rounding.swift */; };
		BF0000000000000000000024 /* ExerciseSample.swift in Sources */ = {isa = PBXBuildFile; fileRef = FE0000000000000000000023 /* ExerciseSample.swift */; };
		BF0000000000000000000026 /* HealthEvent.swift in Sources */ = {isa = PBXBuildFile; fileRef = FE0000000000000000000025 /* HealthEvent.swift */; };
		BF0000000000000000000028 /* SleepSample.swift in Sources */ = {isa = PBXBuildFile; fileRef = FE0000000000000000000027 /* SleepSample.swift */; };
		BF000000000000000000002A /* Summaries.swift in Sources */ = {isa = PBXBuildFile; fileRef = FE0000000000000000000029 /* Summaries.swift */; };
		BF000000000000000000002C /* TimeRange.swift in Sources */ = {isa = PBXBuildFile; fileRef = FE000000000000000000002B /* TimeRange.swift */; };
		BF000000000000000000002E /* WeightSample.swift in Sources */ = {isa = PBXBuildFile; fileRef = FE000000000000000000002D /* WeightSample.swift */; };
		BF0000000000000000000030 /* HealthDataRepository.swift in Sources */ = {isa = PBXBuildFile; fileRef = FE000000000000000000002F /* HealthDataRepository.swift */; };
		BF0000000000000000000032 /* MockHealthRepository.swift in Sources */ = {isa = PBXBuildFile; fileRef = FE0000000000000000000031 /* MockHealthRepository.swift */; };
		BF0000000000000000000052 /* WeightChart.swift in Sources */ = {isa = PBXBuildFile; fileRef = FE0000000000000000000051 /* WeightChart.swift */; };
		BF0000000000000000000054 /* WeightViewModel.swift in Sources */ = {isa = PBXBuildFile; fileRef = FE0000000000000000000053 /* WeightViewModel.swift */; };
		BF0000000000000000000056 /* SleepChart.swift in Sources */ = {isa = PBXBuildFile; fileRef = FE0000000000000000000055 /* SleepChart.swift */; };
		BF0000000000000000000058 /* ExerciseChart.swift in Sources */ = {isa = PBXBuildFile; fileRef = FE0000000000000000000057 /* ExerciseChart.swift */; };
		BF000000000000000000005A /* GoalEditSheet.swift in Sources */ = {isa = PBXBuildFile; fileRef = FE0000000000000000000059 /* GoalEditSheet.swift */; };
		BF000000000000000000005C /* HealthKitRepository.swift in Sources */ = {isa = PBXBuildFile; fileRef = FE000000000000000000005B /* HealthKitRepository.swift */; };
		BF000000000000000000005E /* ImportView.swift in Sources */ = {isa = PBXBuildFile; fileRef = FE000000000000000000005D /* ImportView.swift */; };
		BF0000000000000000000062 /* EventEditorView.swift in Sources */ = {isa = PBXBuildFile; fileRef = FE0000000000000000000061 /* EventEditorView.swift */; };
		BF0000000000000000000064 /* EventTimelineView.swift in Sources */ = {isa = PBXBuildFile; fileRef = FE0000000000000000000063 /* EventTimelineView.swift */; };
		BF0000000000000000000066 /* EventStore.swift in Sources */ = {isa = PBXBuildFile; fileRef = FE0000000000000000000065 /* EventStore.swift */; };
		BF0000000000000000000071 /* Assets.xcassets in Resources */ = {isa = PBXBuildFile; fileRef = FE0000000000000000000070 /* Assets.xcassets */; };
		BF0000000000000000000072 /* SplashView.swift in Sources */ = {isa = PBXBuildFile; fileRef = FE0000000000000000000073 /* SplashView.swift */; };
		BF0000000000000000000075 /* DailyMetric.swift in Sources */ = {isa = PBXBuildFile; fileRef = FE0000000000000000000074 /* DailyMetric.swift */; };
		BF0000000000000000000077 /* MetricSparkline.swift in Sources */ = {isa = PBXBuildFile; fileRef = FE0000000000000000000076 /* MetricSparkline.swift */; };
		BF0000000000000000000079 /* WeightStatistics.swift in Sources */ = {isa = PBXBuildFile; fileRef = FE0000000000000000000078 /* WeightStatistics.swift */; };
		BF000000000000000000007B /* ExerciseViewModel.swift in Sources */ = {isa = PBXBuildFile; fileRef = FE000000000000000000007A /* ExerciseViewModel.swift */; };
		BF0000000000000000000080 /* UserProfile.swift in Sources */ = {isa = PBXBuildFile; fileRef = FE0000000000000000000080 /* UserProfile.swift */; };
		BF0000000000000000000082 /* ProfileSettingsViews.swift in Sources */ = {isa = PBXBuildFile; fileRef = FE0000000000000000000082 /* ProfileSettingsViews.swift */; };
		BF0000000000000000000090 /* CachingHealthRepository.swift in Sources */ = {isa = PBXBuildFile; fileRef = FE0000000000000000000090 /* CachingHealthRepository.swift */; };
		BF00000000000000000000A0 /* BodyFatSample.swift in Sources */ = {isa = PBXBuildFile; fileRef = FE00000000000000000000A0 /* BodyFatSample.swift */; };
		BF00000000000000000000A1 /* EventTagStore.swift in Sources */ = {isa = PBXBuildFile; fileRef = FE00000000000000000000A1 /* EventTagStore.swift */; };
		BF00000000000000000000A2 /* BodyFatChart.swift in Sources */ = {isa = PBXBuildFile; fileRef = FE00000000000000000000A2 /* BodyFatChart.swift */; };
		BF00000000000000000000A3 /* CumulativeLossInfoView.swift in Sources */ = {isa = PBXBuildFile; fileRef = FE00000000000000000000A3 /* CumulativeLossInfoView.swift */; };
		BFA000000000000000000001 /* AnalysisReport.swift in Sources */ = {isa = PBXBuildFile; fileRef = FEA000000000000000000001 /* AnalysisReport.swift */; };
		BFA000000000000000000002 /* AnalysisViewModel.swift in Sources */ = {isa = PBXBuildFile; fileRef = FEA000000000000000000002 /* AnalysisViewModel.swift */; };
		BFA000000000000000000003 /* AnalysisViews.swift in Sources */ = {isa = PBXBuildFile; fileRef = FEA000000000000000000003 /* AnalysisViews.swift */; };
		BFA000000000000000000004 /* DateRangePickerSection.swift in Sources */ = {isa = PBXBuildFile; fileRef = FEA000000000000000000004 /* DateRangePickerSection.swift */; };
		BFF000000000000000000001 /* FoodCalorieModels.swift in Sources */ = {isa = PBXBuildFile; fileRef = FEF000000000000000000001 /* FoodCalorieModels.swift */; };
		BFF000000000000000000002 /* FoodCalorieView.swift in Sources */ = {isa = PBXBuildFile; fileRef = FEF000000000000000000002 /* FoodCalorieView.swift */; };
		BFF000000000000000000003 /* FoodDetailSheet.swift in Sources */ = {isa = PBXBuildFile; fileRef = FEF000000000000000000003 /* FoodDetailSheet.swift */; };
		BFF100000000000000000001 /* TrainingPlanModels.swift in Sources */ = {isa = PBXBuildFile; fileRef = FEF100000000000000000001 /* TrainingPlanModels.swift */; };
		BFF100000000000000000002 /* TrainingPlanView.swift in Sources */ = {isa = PBXBuildFile; fileRef = FEF100000000000000000002 /* TrainingPlanView.swift */; };
		BFF100000000000000000003 /* ExerciseCard.swift in Sources */ = {isa = PBXBuildFile; fileRef = FEF100000000000000000003 /* ExerciseCard.swift */; };
		D76631F85E0721A36D0664E8 /* Foundation.framework in Frameworks */ = {isa = PBXBuildFile; fileRef = B971AFB5C00843E94403F6A9 /* Foundation.framework */; };
		E944D1E69BC9CC8E909F0B04 /* Color+Tokens.swift in Sources */ = {isa = PBXBuildFile; fileRef = FE0000000000000000000007 /* Color+Tokens.swift */; };
		F17E317E38169ED3219C407F /* SelfDisciplineModel.swift in Sources */ = {isa = PBXBuildFile; fileRef = B1B83C1353E871D704F91323 /* SelfDisciplineModel.swift */; };
/* End PBXBuildFile section */

/* Begin PBXContainerItemProxy section */
		E1784BF7997B74C79B55B83E /* PBXContainerItemProxy */ = {
			isa = PBXContainerItemProxy;
			containerPortal = 0C0000000000000000000043 /* Project object */;
			proxyType = 1;
			remoteGlobalIDString = 5EB8B2C7CF9474F098553D59;
			remoteInfo = SelfDisciplineWidgetExtension;
		};
/* End PBXContainerItemProxy section */

/* Begin PBXCopyFilesBuildPhase section */
		ED5A2D8F1E2420BF329988B2 /* Embed App Extensions */ = {
			isa = PBXCopyFilesBuildPhase;
			buildActionMask = 2147483647;
			dstPath = "";
			dstSubfolderSpec = 13;
			files = (
				03EAE33055CF1A3A92DD2960 /* SelfDisciplineWidgetExtension.appex in Embed App Extensions */,
			);
			name = "Embed App Extensions";
			runOnlyForDeploymentPostprocessing = 0;
		};
/* End PBXCopyFilesBuildPhase section */

/* Begin PBXFileReference section */
		0C667C13D23E3C25435E40C8 /* CheckInIntent.swift */ = {isa = PBXFileReference; includeInIndex = 1; lastKnownFileType = sourcecode.swift; path = CheckInIntent.swift; sourceTree = "<group>"; };
		11026A82E406ABDB6A658585 /* SelfDisciplineWidgetBundle.swift */ = {isa = PBXFileReference; includeInIndex = 1; lastKnownFileType = sourcecode.swift; path = SelfDisciplineWidgetBundle.swift; sourceTree = "<group>"; };
		244CA64FBCAF86AE4DEE1C28 /* SelfDisciplineSnapshot.swift */ = {isa = PBXFileReference; includeInIndex = 1; lastKnownFileType = sourcecode.swift; path = SelfDisciplineSnapshot.swift; sourceTree = "<group>"; };
		2B79AD26F46D59E134FA6054 /* SelfDisciplineUI.swift */ = {isa = PBXFileReference; includeInIndex = 1; lastKnownFileType = sourcecode.swift; path = SelfDisciplineUI.swift; sourceTree = "<group>"; };
		53E3A6B2544656576585C36E /* SelfDisciplineView.swift */ = {isa = PBXFileReference; includeInIndex = 1; lastKnownFileType = sourcecode.swift; path = SelfDisciplineView.swift; sourceTree = "<group>"; };
		60B3F0E8D15B60E60FB85F74 /* SelfDisciplineWidgetExtension.appex */ = {isa = PBXFileReference; explicitFileType = "wrapper.app-extension"; includeInIndex = 0; path = SelfDisciplineWidgetExtension.appex; sourceTree = BUILT_PRODUCTS_DIR; };
		8FC475D3AF666FCF2548BA2A /* Assets.xcassets */ = {isa = PBXFileReference; includeInIndex = 1; lastKnownFileType = folder.assetcatalog; path = Assets.xcassets; sourceTree = "<group>"; };
		B1B83C1353E871D704F91323 /* SelfDisciplineModel.swift */ = {isa = PBXFileReference; includeInIndex = 1; lastKnownFileType = sourcecode.swift; path = SelfDisciplineModel.swift; sourceTree = "<group>"; };
		B971AFB5C00843E94403F6A9 /* Foundation.framework */ = {isa = PBXFileReference; lastKnownFileType = wrapper.framework; name = Foundation.framework; path = Platforms/iPhoneOS.platform/Developer/SDKs/iPhoneOS18.0.sdk/System/Library/Frameworks/Foundation.framework; sourceTree = DEVELOPER_DIR; };
		CBEE4A06D741AC66EADEC269 /* CheckInStore.swift */ = {isa = PBXFileReference; includeInIndex = 1; lastKnownFileType = sourcecode.swift; path = CheckInStore.swift; sourceTree = "<group>"; };
		FA60B10E6F9F44B0495E0523 /* SelfDisciplineWidget.swift */ = {isa = PBXFileReference; includeInIndex = 1; lastKnownFileType = sourcecode.swift; path = SelfDisciplineWidget.swift; sourceTree = "<group>"; };
		FE0000000000000000000001 /* AppState.swift */ = {isa = PBXFileReference; lastKnownFileType = sourcecode.swift; path = AppState.swift; sourceTree = "<group>"; };
		FE0000000000000000000003 /* HealthApp.swift */ = {isa = PBXFileReference; lastKnownFileType = sourcecode.swift; path = HealthApp.swift; sourceTree = "<group>"; };
		FE0000000000000000000005 /* MainTabView.swift */ = {isa = PBXFileReference; lastKnownFileType = sourcecode.swift; path = MainTabView.swift; sourceTree = "<group>"; };
		FE0000000000000000000007 /* Color+Tokens.swift */ = {isa = PBXFileReference; lastKnownFileType = sourcecode.swift; path = "Color+Tokens.swift"; sourceTree = "<group>"; };
		FE0000000000000000000009 /* Components.swift */ = {isa = PBXFileReference; lastKnownFileType = sourcecode.swift; path = Components.swift; sourceTree = "<group>"; };
		FE000000000000000000000B /* Toast.swift */ = {isa = PBXFileReference; lastKnownFileType = sourcecode.swift; path = Toast.swift; sourceTree = "<group>"; };
		FE000000000000000000000F /* ExerciseView.swift */ = {isa = PBXFileReference; lastKnownFileType = sourcecode.swift; path = ExerciseView.swift; sourceTree = "<group>"; };
		FE0000000000000000000011 /* RecentEventRow.swift */ = {isa = PBXFileReference; lastKnownFileType = sourcecode.swift; path = RecentEventRow.swift; sourceTree = "<group>"; };
		FE0000000000000000000013 /* WeightSparkline.swift */ = {isa = PBXFileReference; lastKnownFileType = sourcecode.swift; path = WeightSparkline.swift; sourceTree = "<group>"; };
		FE0000000000000000000015 /* HomeView.swift */ = {isa = PBXFileReference; lastKnownFileType = sourcecode.swift; path = HomeView.swift; sourceTree = "<group>"; };
		FE0000000000000000000017 /* HomeViewModel.swift */ = {isa = PBXFileReference; lastKnownFileType = sourcecode.swift; path = HomeViewModel.swift; sourceTree = "<group>"; };
		FE0000000000000000000019 /* PlaceholderContent.swift */ = {isa = PBXFileReference; lastKnownFileType = sourcecode.swift; path = PlaceholderContent.swift; sourceTree = "<group>"; };
		FE000000000000000000001B /* ProfileView.swift */ = {isa = PBXFileReference; lastKnownFileType = sourcecode.swift; path = ProfileView.swift; sourceTree = "<group>"; };
		FE000000000000000000001D /* SleepView.swift */ = {isa = PBXFileReference; lastKnownFileType = sourcecode.swift; path = SleepView.swift; sourceTree = "<group>"; };
		FE000000000000000000001F /* WeightView.swift */ = {isa = PBXFileReference; lastKnownFileType = sourcecode.swift; path = WeightView.swift; sourceTree = "<group>"; };
		FE0000000000000000000021 /* Double+Rounding.swift */ = {isa = PBXFileReference; lastKnownFileType = sourcecode.swift; path = "Double+Rounding.swift"; sourceTree = "<group>"; };
		FE0000000000000000000023 /* ExerciseSample.swift */ = {isa = PBXFileReference; lastKnownFileType = sourcecode.swift; path = ExerciseSample.swift; sourceTree = "<group>"; };
		FE0000000000000000000025 /* HealthEvent.swift */ = {isa = PBXFileReference; lastKnownFileType = sourcecode.swift; path = HealthEvent.swift; sourceTree = "<group>"; };
		FE0000000000000000000027 /* SleepSample.swift */ = {isa = PBXFileReference; lastKnownFileType = sourcecode.swift; path = SleepSample.swift; sourceTree = "<group>"; };
		FE0000000000000000000029 /* Summaries.swift */ = {isa = PBXFileReference; lastKnownFileType = sourcecode.swift; path = Summaries.swift; sourceTree = "<group>"; };
		FE000000000000000000002B /* TimeRange.swift */ = {isa = PBXFileReference; lastKnownFileType = sourcecode.swift; path = TimeRange.swift; sourceTree = "<group>"; };
		FE000000000000000000002D /* WeightSample.swift */ = {isa = PBXFileReference; lastKnownFileType = sourcecode.swift; path = WeightSample.swift; sourceTree = "<group>"; };
		FE000000000000000000002F /* HealthDataRepository.swift */ = {isa = PBXFileReference; lastKnownFileType = sourcecode.swift; path = HealthDataRepository.swift; sourceTree = "<group>"; };
		FE0000000000000000000031 /* MockHealthRepository.swift */ = {isa = PBXFileReference; lastKnownFileType = sourcecode.swift; path = MockHealthRepository.swift; sourceTree = "<group>"; };
		FE0000000000000000000051 /* WeightChart.swift */ = {isa = PBXFileReference; lastKnownFileType = sourcecode.swift; path = WeightChart.swift; sourceTree = "<group>"; };
		FE0000000000000000000053 /* WeightViewModel.swift */ = {isa = PBXFileReference; lastKnownFileType = sourcecode.swift; path = WeightViewModel.swift; sourceTree = "<group>"; };
		FE0000000000000000000055 /* SleepChart.swift */ = {isa = PBXFileReference; lastKnownFileType = sourcecode.swift; path = SleepChart.swift; sourceTree = "<group>"; };
		FE0000000000000000000057 /* ExerciseChart.swift */ = {isa = PBXFileReference; lastKnownFileType = sourcecode.swift; path = ExerciseChart.swift; sourceTree = "<group>"; };
		FE0000000000000000000059 /* GoalEditSheet.swift */ = {isa = PBXFileReference; lastKnownFileType = sourcecode.swift; path = GoalEditSheet.swift; sourceTree = "<group>"; };
		FE000000000000000000005B /* HealthKitRepository.swift */ = {isa = PBXFileReference; lastKnownFileType = sourcecode.swift; path = HealthKitRepository.swift; sourceTree = "<group>"; };
		FE000000000000000000005D /* ImportView.swift */ = {isa = PBXFileReference; lastKnownFileType = sourcecode.swift; path = ImportView.swift; sourceTree = "<group>"; };
		FE000000000000000000005F /* HealthApp.entitlements */ = {isa = PBXFileReference; lastKnownFileType = text.plist.entitlements; path = HealthApp.entitlements; sourceTree = "<group>"; };
		FE0000000000000000000061 /* EventEditorView.swift */ = {isa = PBXFileReference; lastKnownFileType = sourcecode.swift; path = EventEditorView.swift; sourceTree = "<group>"; };
		FE0000000000000000000063 /* EventTimelineView.swift */ = {isa = PBXFileReference; lastKnownFileType = sourcecode.swift; path = EventTimelineView.swift; sourceTree = "<group>"; };
		FE0000000000000000000065 /* EventStore.swift */ = {isa = PBXFileReference; lastKnownFileType = sourcecode.swift; path = EventStore.swift; sourceTree = "<group>"; };
		FE0000000000000000000070 /* Assets.xcassets */ = {isa = PBXFileReference; lastKnownFileType = folder.assetcatalog; path = Assets.xcassets; sourceTree = "<group>"; };
		FE0000000000000000000073 /* SplashView.swift */ = {isa = PBXFileReference; lastKnownFileType = sourcecode.swift; path = SplashView.swift; sourceTree = "<group>"; };
		FE0000000000000000000074 /* DailyMetric.swift */ = {isa = PBXFileReference; lastKnownFileType = sourcecode.swift; path = DailyMetric.swift; sourceTree = "<group>"; };
		FE0000000000000000000076 /* MetricSparkline.swift */ = {isa = PBXFileReference; lastKnownFileType = sourcecode.swift; path = MetricSparkline.swift; sourceTree = "<group>"; };
		FE0000000000000000000078 /* WeightStatistics.swift */ = {isa = PBXFileReference; lastKnownFileType = sourcecode.swift; path = WeightStatistics.swift; sourceTree = "<group>"; };
		FE000000000000000000007A /* ExerciseViewModel.swift */ = {isa = PBXFileReference; lastKnownFileType = sourcecode.swift; path = ExerciseViewModel.swift; sourceTree = "<group>"; };
		FE0000000000000000000080 /* UserProfile.swift */ = {isa = PBXFileReference; lastKnownFileType = sourcecode.swift; path = UserProfile.swift; sourceTree = "<group>"; };
		FE0000000000000000000082 /* ProfileSettingsViews.swift */ = {isa = PBXFileReference; lastKnownFileType = sourcecode.swift; path = ProfileSettingsViews.swift; sourceTree = "<group>"; };
		FE0000000000000000000090 /* CachingHealthRepository.swift */ = {isa = PBXFileReference; lastKnownFileType = sourcecode.swift; path = CachingHealthRepository.swift; sourceTree = "<group>"; };
		FE00000000000000000000A0 /* BodyFatSample.swift */ = {isa = PBXFileReference; lastKnownFileType = sourcecode.swift; path = BodyFatSample.swift; sourceTree = "<group>"; };
		FE00000000000000000000A1 /* EventTagStore.swift */ = {isa = PBXFileReference; lastKnownFileType = sourcecode.swift; path = EventTagStore.swift; sourceTree = "<group>"; };
		FE00000000000000000000A2 /* BodyFatChart.swift */ = {isa = PBXFileReference; lastKnownFileType = sourcecode.swift; path = BodyFatChart.swift; sourceTree = "<group>"; };
		FE00000000000000000000A3 /* CumulativeLossInfoView.swift */ = {isa = PBXFileReference; lastKnownFileType = sourcecode.swift; path = CumulativeLossInfoView.swift; sourceTree = "<group>"; };
		FEA000000000000000000001 /* AnalysisReport.swift */ = {isa = PBXFileReference; lastKnownFileType = sourcecode.swift; path = AnalysisReport.swift; sourceTree = "<group>"; };
		FEA000000000000000000002 /* AnalysisViewModel.swift */ = {isa = PBXFileReference; lastKnownFileType = sourcecode.swift; path = AnalysisViewModel.swift; sourceTree = "<group>"; };
		FEA000000000000000000003 /* AnalysisViews.swift */ = {isa = PBXFileReference; lastKnownFileType = sourcecode.swift; path = AnalysisViews.swift; sourceTree = "<group>"; };
		FEA000000000000000000004 /* DateRangePickerSection.swift */ = {isa = PBXFileReference; lastKnownFileType = sourcecode.swift; path = DateRangePickerSection.swift; sourceTree = "<group>"; };
		FEF000000000000000000001 /* FoodCalorieModels.swift */ = {isa = PBXFileReference; lastKnownFileType = sourcecode.swift; path = FoodCalorieModels.swift; sourceTree = "<group>"; };
		FEF000000000000000000002 /* FoodCalorieView.swift */ = {isa = PBXFileReference; lastKnownFileType = sourcecode.swift; path = FoodCalorieView.swift; sourceTree = "<group>"; };
		FEF000000000000000000003 /* FoodDetailSheet.swift */ = {isa = PBXFileReference; lastKnownFileType = sourcecode.swift; path = FoodDetailSheet.swift; sourceTree = "<group>"; };
		FEF100000000000000000001 /* TrainingPlanModels.swift */ = {isa = PBXFileReference; lastKnownFileType = sourcecode.swift; path = TrainingPlanModels.swift; sourceTree = "<group>"; };
		FEF100000000000000000002 /* TrainingPlanView.swift */ = {isa = PBXFileReference; lastKnownFileType = sourcecode.swift; path = TrainingPlanView.swift; sourceTree = "<group>"; };
		FEF100000000000000000003 /* ExerciseCard.swift */ = {isa = PBXFileReference; lastKnownFileType = sourcecode.swift; path = ExerciseCard.swift; sourceTree = "<group>"; };
		PA0000000000000000000040 /* HealthApp.app */ = {isa = PBXFileReference; explicitFileType = wrapper.application; includeInIndex = 0; path = HealthApp.app; sourceTree = BUILT_PRODUCTS_DIR; };
/* End PBXFileReference section */

/* Begin PBXFrameworksBuildPhase section */
		0F0000000000000000000046 /* Frameworks */ = {
			isa = PBXFrameworksBuildPhase;
			buildActionMask = 2147483647;
			files = (
			);
			runOnlyForDeploymentPostprocessing = 0;
		};
		CEEC4E25314E2EFB8EF56E8F /* Frameworks */ = {
			isa = PBXFrameworksBuildPhase;
			buildActionMask = 2147483647;
			files = (
				D76631F85E0721A36D0664E8 /* Foundation.framework in Frameworks */,
			);
			runOnlyForDeploymentPostprocessing = 0;
		};
/* End PBXFrameworksBuildPhase section */

/* Begin PBXGroup section */
		0311C8552F34401E96ABB6CB /* SelfDisciplineWidget */ = {
			isa = PBXGroup;
			children = (
				11026A82E406ABDB6A658585 /* SelfDisciplineWidgetBundle.swift */,
				FA60B10E6F9F44B0495E0523 /* SelfDisciplineWidget.swift */,
				0C667C13D23E3C25435E40C8 /* CheckInIntent.swift */,
				8FC475D3AF666FCF2548BA2A /* Assets.xcassets */,
			);
			path = SelfDisciplineWidget;
			sourceTree = "<group>";
		};
		03284CC7420C87ED0F831AD9 /* Frameworks */ = {
			isa = PBXGroup;
			children = (
				04DA3489A579629EE7C1465E /* iOS */,
			);
			name = Frameworks;
			sourceTree = "<group>";
		};
		04DA3489A579629EE7C1465E /* iOS */ = {
			isa = PBXGroup;
			children = (
				B971AFB5C00843E94403F6A9 /* Foundation.framework */,
			);
			name = iOS;
			sourceTree = "<group>";
		};
		0A0000000000000000000041 = {
			isa = PBXGroup;
			children = (
				6A0000000000000000000033 /* HealthApp */,
				0B0000000000000000000042 /* Products */,
				A810D72FD00B9E30132BAAFB /* Shared */,
				408CD8BE60E6722BA034088C /* SelfDiscipline */,
				03284CC7420C87ED0F831AD9 /* Frameworks */,
				0311C8552F34401E96ABB6CB /* SelfDisciplineWidget */,
			);
			sourceTree = "<group>";
		};
		0B0000000000000000000042 /* Products */ = {
			isa = PBXGroup;
			children = (
				PA0000000000000000000040 /* HealthApp.app */,
				60B3F0E8D15B60E60FB85F74 /* SelfDisciplineWidgetExtension.appex */,
			);
			name = Products;
			sourceTree = "<group>";
		};
		408CD8BE60E6722BA034088C /* SelfDiscipline */ = {
			isa = PBXGroup;
			children = (
				53E3A6B2544656576585C36E /* SelfDisciplineView.swift */,
			);
			name = SelfDiscipline;
			path = HealthApp/Features/Tools/SelfDiscipline;
			sourceTree = "<group>";
		};
		6A0000000000000000000033 /* HealthApp */ = {
			isa = PBXGroup;
			children = (
				6A0000000000000000000034 /* App */,
				6A0000000000000000000050 /* Charts */,
				6A0000000000000000000035 /* DesignSystem */,
				6A0000000000000000000036 /* Features */,
				6A000000000000000000003E /* Models */,
				6A000000000000000000003F /* Repository */,
				FE0000000000000000000070 /* Assets.xcassets */,
				FE000000000000000000005F /* HealthApp.entitlements */,
			);
			path = HealthApp;
			sourceTree = "<group>";
		};
		6A0000000000000000000034 /* App */ = {
			isa = PBXGroup;
			children = (
				FE0000000000000000000001 /* AppState.swift */,
				FE0000000000000000000003 /* HealthApp.swift */,
				FE0000000000000000000005 /* MainTabView.swift */,
				FE0000000000000000000073 /* SplashView.swift */,
			);
			path = App;
			sourceTree = "<group>";
		};
		6A0000000000000000000035 /* DesignSystem */ = {
			isa = PBXGroup;
			children = (
				FE0000000000000000000007 /* Color+Tokens.swift */,
				FE0000000000000000000009 /* Components.swift */,
				FEA000000000000000000004 /* DateRangePickerSection.swift */,
				FE000000000000000000000B /* Toast.swift */,
			);
			path = DesignSystem;
			sourceTree = "<group>";
		};
		6A0000000000000000000036 /* Features */ = {
			isa = PBXGroup;
			children = (
				6AA000000000000000000001 /* Analysis */,
				6A0000000000000000000037 /* Events */,
				6A0000000000000000000038 /* Exercise */,
				6A0000000000000000000039 /* Home */,
				6A0000000000000000000060 /* Import */,
				6A000000000000000000003B /* Profile */,
				6A000000000000000000003C /* Sleep */,
				6AF000000000000000000001 /* Tools/FoodCalorie */,
				6AF100000000000000000001 /* Tools/TrainingPlan */,
				6A000000000000000000003D /* Weight */,
				FE0000000000000000000019 /* PlaceholderContent.swift */,
			);
			path = Features;
			sourceTree = "<group>";
		};
		6A0000000000000000000037 /* Events */ = {
			isa = PBXGroup;
			children = (
				FE0000000000000000000063 /* EventTimelineView.swift */,
				FE0000000000000000000061 /* EventEditorView.swift */,
			);
			path = Events;
			sourceTree = "<group>";
		};
		6A0000000000000000000038 /* Exercise */ = {
			isa = PBXGroup;
			children = (
				FE000000000000000000000F /* ExerciseView.swift */,
				FE000000000000000000007A /* ExerciseViewModel.swift */,
			);
			path = Exercise;
			sourceTree = "<group>";
		};
		6A0000000000000000000039 /* Home */ = {
			isa = PBXGroup;
			children = (
				6A000000000000000000003A /* Components */,
				FE0000000000000000000015 /* HomeView.swift */,
				FE0000000000000000000017 /* HomeViewModel.swift */,
			);
			path = Home;
			sourceTree = "<group>";
		};
		6A000000000000000000003A /* Components */ = {
			isa = PBXGroup;
			children = (
				FE0000000000000000000011 /* RecentEventRow.swift */,
				FE0000000000000000000013 /* WeightSparkline.swift */,
				FE0000000000000000000076 /* MetricSparkline.swift */,
			);
			path = Components;
			sourceTree = "<group>";
		};
		6A000000000000000000003B /* Profile */ = {
			isa = PBXGroup;
			children = (
				FE0000000000000000000059 /* GoalEditSheet.swift */,
				FE000000000000000000001B /* ProfileView.swift */,
				FE0000000000000000000080 /* UserProfile.swift */,
				FE0000000000000000000082 /* ProfileSettingsViews.swift */,
			);
			path = Profile;
			sourceTree = "<group>";
		};
		6A000000000000000000003C /* Sleep */ = {
			isa = PBXGroup;
			children = (
				FE000000000000000000001D /* SleepView.swift */,
			);
			path = Sleep;
			sourceTree = "<group>";
		};
		6A000000000000000000003D /* Weight */ = {
			isa = PBXGroup;
			children = (
				FE000000000000000000001F /* WeightView.swift */,
				FE0000000000000000000053 /* WeightViewModel.swift */,
				FE00000000000000000000A3 /* CumulativeLossInfoView.swift */,
			);
			path = Weight;
			sourceTree = "<group>";
		};
		6A000000000000000000003E /* Models */ = {
			isa = PBXGroup;
			children = (
				FE0000000000000000000074 /* DailyMetric.swift */,
				FE0000000000000000000021 /* Double+Rounding.swift */,
				FE0000000000000000000023 /* ExerciseSample.swift */,
				FE0000000000000000000025 /* HealthEvent.swift */,
				FE0000000000000000000027 /* SleepSample.swift */,
				FE0000000000000000000029 /* Summaries.swift */,
				FE000000000000000000002B /* TimeRange.swift */,
				FE000000000000000000002D /* WeightSample.swift */,
				FE00000000000000000000A0 /* BodyFatSample.swift */,
				FE0000000000000000000078 /* WeightStatistics.swift */,
			);
			path = Models;
			sourceTree = "<group>";
		};
		6A000000000000000000003F /* Repository */ = {
			isa = PBXGroup;
			children = (
				FE0000000000000000000065 /* EventStore.swift */,
				FE00000000000000000000A1 /* EventTagStore.swift */,
				FE000000000000000000002F /* HealthDataRepository.swift */,
				FE000000000000000000005B /* HealthKitRepository.swift */,
				FE0000000000000000000090 /* CachingHealthRepository.swift */,
				FE0000000000000000000031 /* MockHealthRepository.swift */,
			);
			path = Repository;
			sourceTree = "<group>";
		};
		6A0000000000000000000050 /* Charts */ = {
			isa = PBXGroup;
			children = (
				FE0000000000000000000057 /* ExerciseChart.swift */,
				FE0000000000000000000055 /* SleepChart.swift */,
				FE0000000000000000000051 /* WeightChart.swift */,
				FE00000000000000000000A2 /* BodyFatChart.swift */,
			);
			path = Charts;
			sourceTree = "<group>";
		};
		6A0000000000000000000060 /* Import */ = {
			isa = PBXGroup;
			children = (
				FE000000000000000000005D /* ImportView.swift */,
			);
			path = Import;
			sourceTree = "<group>";
		};
		6AA000000000000000000001 /* Analysis */ = {
			isa = PBXGroup;
			children = (
				FEA000000000000000000001 /* AnalysisReport.swift */,
				FEA000000000000000000002 /* AnalysisViewModel.swift */,
				FEA000000000000000000003 /* AnalysisViews.swift */,
			);
			path = Analysis;
			sourceTree = "<group>";
		};
		6AF000000000000000000001 /* Tools/FoodCalorie */ = {
			isa = PBXGroup;
			children = (
				FEF000000000000000000001 /* FoodCalorieModels.swift */,
				FEF000000000000000000002 /* FoodCalorieView.swift */,
				FEF000000000000000000003 /* FoodDetailSheet.swift */,
			);
			path = Tools/FoodCalorie;
			sourceTree = "<group>";
		};
		6AF100000000000000000001 /* Tools/TrainingPlan */ = {
			isa = PBXGroup;
			children = (
				FEF100000000000000000003 /* ExerciseCard.swift */,
				FEF100000000000000000001 /* TrainingPlanModels.swift */,
				FEF100000000000000000002 /* TrainingPlanView.swift */,
			);
			path = Tools/TrainingPlan;
			sourceTree = "<group>";
		};
		A810D72FD00B9E30132BAAFB /* Shared */ = {
			isa = PBXGroup;
			children = (
				B1B83C1353E871D704F91323 /* SelfDisciplineModel.swift */,
				CBEE4A06D741AC66EADEC269 /* CheckInStore.swift */,
				244CA64FBCAF86AE4DEE1C28 /* SelfDisciplineSnapshot.swift */,
				2B79AD26F46D59E134FA6054 /* SelfDisciplineUI.swift */,
			);
			name = Shared;
			path = HealthApp/SelfDiscipline/Shared;
			sourceTree = "<group>";
		};
/* End PBXGroup section */

/* Begin PBXNativeTarget section */
		0D0000000000000000000044 /* HealthApp */ = {
			isa = PBXNativeTarget;
			buildConfigurationList = 120000000000000000000049 /* Build configuration list for PBXNativeTarget "HealthApp" */;
			buildPhases = (
				0E0000000000000000000045 /* Sources */,
				0F0000000000000000000046 /* Frameworks */,
				100000000000000000000047 /* Resources */,
				ED5A2D8F1E2420BF329988B2 /* Embed App Extensions */,
			);
			buildRules = (
			);
			dependencies = (
				22DC0D616098ECCE0D2CE650 /* PBXTargetDependency */,
			);
			name = HealthApp;
			productName = HealthApp;
			productReference = PA0000000000000000000040 /* HealthApp.app */;
			productType = "com.apple.product-type.application";
		};
		5EB8B2C7CF9474F098553D59 /* SelfDisciplineWidgetExtension */ = {
			isa = PBXNativeTarget;
			buildConfigurationList = A98A9810426E4BD41F027410 /* Build configuration list for PBXNativeTarget "SelfDisciplineWidgetExtension" */;
			buildPhases = (
				463922FE89DBEEA77EE8AC1B /* Sources */,
				CEEC4E25314E2EFB8EF56E8F /* Frameworks */,
				D5E450F63C67FB621AE57C40 /* Resources */,
			);
			buildRules = (
			);
			dependencies = (
			);
			name = SelfDisciplineWidgetExtension;
			productName = SelfDisciplineWidgetExtension;
			productReference = 60B3F0E8D15B60E60FB85F74 /* SelfDisciplineWidgetExtension.appex */;
			productType = "com.apple.product-type.app-extension";
		};
/* End PBXNativeTarget section */

/* Begin PBXProject section */
		0C0000000000000000000043 /* Project object */ = {
			isa = PBXProject;
			attributes = {
				BuildIndependentTargetsInParallel = 1;
				LastSwiftUpdateCheck = 1500;
				LastUpgradeCheck = 1500;
				TargetAttributes = {
					0D0000000000000000000044 = {
						CreatedOnToolsVersion = 15.0;
						SystemCapabilities = {
							com.apple.HealthKit = {
								enabled = 1;
							};
						};
					};
				};
			};
			buildConfigurationList = 110000000000000000000048 /* Build configuration list for PBXProject "HealthApp" */;
			compatibilityVersion = "Xcode 14.0";
			developmentRegion = en;
			hasScannedForEncodings = 0;
			knownRegions = (
				en,
				Base,
				"zh-Hans",
			);
			mainGroup = 0A0000000000000000000041;
			productRefGroup = 0B0000000000000000000042 /* Products */;
			projectDirPath = "";
			projectRoot = "";
			targets = (
				0D0000000000000000000044 /* HealthApp */,
				5EB8B2C7CF9474F098553D59 /* SelfDisciplineWidgetExtension */,
			);
		};
/* End PBXProject section */

/* Begin PBXResourcesBuildPhase section */
		100000000000000000000047 /* Resources */ = {
			isa = PBXResourcesBuildPhase;
			buildActionMask = 2147483647;
			files = (
				BF0000000000000000000071 /* Assets.xcassets in Resources */,
			);
			runOnlyForDeploymentPostprocessing = 0;
		};
		D5E450F63C67FB621AE57C40 /* Resources */ = {
			isa = PBXResourcesBuildPhase;
			buildActionMask = 2147483647;
			files = (
				AB44795F1B84C7D597875621 /* Assets.xcassets in Resources */,
			);
			runOnlyForDeploymentPostprocessing = 0;
		};
/* End PBXResourcesBuildPhase section */

/* Begin PBXSourcesBuildPhase section */
		0E0000000000000000000045 /* Sources */ = {
			isa = PBXSourcesBuildPhase;
			buildActionMask = 2147483647;
			files = (
				BF0000000000000000000002 /* AppState.swift in Sources */,
				BF0000000000000000000004 /* HealthApp.swift in Sources */,
				BF0000000000000000000006 /* MainTabView.swift in Sources */,
				BF0000000000000000000072 /* SplashView.swift in Sources */,
				BF0000000000000000000008 /* Color+Tokens.swift in Sources */,
				BF000000000000000000000A /* Components.swift in Sources */,
				BF000000000000000000000C /* Toast.swift in Sources */,
				BF0000000000000000000062 /* EventEditorView.swift in Sources */,
				BF0000000000000000000064 /* EventTimelineView.swift in Sources */,
				BF0000000000000000000066 /* EventStore.swift in Sources */,
				BF00000000000000000000A1 /* EventTagStore.swift in Sources */,
				BF0000000000000000000010 /* ExerciseView.swift in Sources */,
				BF000000000000000000007B /* ExerciseViewModel.swift in Sources */,
				BF0000000000000000000012 /* RecentEventRow.swift in Sources */,
				BF0000000000000000000014 /* WeightSparkline.swift in Sources */,
				BF0000000000000000000016 /* HomeView.swift in Sources */,
				BF0000000000000000000018 /* HomeViewModel.swift in Sources */,
				BF000000000000000000001A /* PlaceholderContent.swift in Sources */,
				BF000000000000000000001C /* ProfileView.swift in Sources */,
				BFF000000000000000000001 /* FoodCalorieModels.swift in Sources */,
				BFF000000000000000000002 /* FoodCalorieView.swift in Sources */,
				BFF000000000000000000003 /* FoodDetailSheet.swift in Sources */,
				BFF100000000000000000003 /* ExerciseCard.swift in Sources */,
				BFF100000000000000000001 /* TrainingPlanModels.swift in Sources */,
				BFF100000000000000000002 /* TrainingPlanView.swift in Sources */,
				BF000000000000000000001E /* SleepView.swift in Sources */,
				BF0000000000000000000020 /* WeightView.swift in Sources */,
				BF0000000000000000000022 /* Double+Rounding.swift in Sources */,
				BF0000000000000000000024 /* ExerciseSample.swift in Sources */,
				BF0000000000000000000026 /* HealthEvent.swift in Sources */,
				BF0000000000000000000028 /* SleepSample.swift in Sources */,
				BF000000000000000000002A /* Summaries.swift in Sources */,
				BF000000000000000000002C /* TimeRange.swift in Sources */,
				BF000000000000000000002E /* WeightSample.swift in Sources */,
				BF00000000000000000000A0 /* BodyFatSample.swift in Sources */,
				BF00000000000000000000A2 /* BodyFatChart.swift in Sources */,
				BF00000000000000000000A3 /* CumulativeLossInfoView.swift in Sources */,
				BF0000000000000000000079 /* WeightStatistics.swift in Sources */,
				BF0000000000000000000030 /* HealthDataRepository.swift in Sources */,
				BF0000000000000000000090 /* CachingHealthRepository.swift in Sources */,
				BF0000000000000000000032 /* MockHealthRepository.swift in Sources */,
				BF0000000000000000000052 /* WeightChart.swift in Sources */,
				BF0000000000000000000054 /* WeightViewModel.swift in Sources */,
				BF0000000000000000000056 /* SleepChart.swift in Sources */,
				BF0000000000000000000058 /* ExerciseChart.swift in Sources */,
				BF000000000000000000005A /* GoalEditSheet.swift in Sources */,
				BF0000000000000000000080 /* UserProfile.swift in Sources */,
				BF0000000000000000000082 /* ProfileSettingsViews.swift in Sources */,
				BF000000000000000000005C /* HealthKitRepository.swift in Sources */,
				BF0000000000000000000090 /* CachingHealthRepository.swift in Sources */,
				BF000000000000000000005E /* ImportView.swift in Sources */,
				BF0000000000000000000075 /* DailyMetric.swift in Sources */,
				BF0000000000000000000077 /* MetricSparkline.swift in Sources */,
				BFA000000000000000000001 /* AnalysisReport.swift in Sources */,
				BFA000000000000000000002 /* AnalysisViewModel.swift in Sources */,
				BFA000000000000000000003 /* AnalysisViews.swift in Sources */,
				BFA000000000000000000004 /* DateRangePickerSection.swift in Sources */,
				F17E317E38169ED3219C407F /* SelfDisciplineModel.swift in Sources */,
				6199680867D43553E016637E /* CheckInStore.swift in Sources */,
				659E62137BEAA32D58F123E2 /* SelfDisciplineSnapshot.swift in Sources */,
				A062D5B8B85F6A63A468C2C4 /* SelfDisciplineUI.swift in Sources */,
				B270156F8129D8987EDEF42F /* SelfDisciplineView.swift in Sources */,
			);
			runOnlyForDeploymentPostprocessing = 0;
		};
		463922FE89DBEEA77EE8AC1B /* Sources */ = {
			isa = PBXSourcesBuildPhase;
			buildActionMask = 2147483647;
			files = (
				42DF2B984BECAEA2A4519A2A /* SelfDisciplineWidgetBundle.swift in Sources */,
				84446E439540836E0F5E95CC /* SelfDisciplineWidget.swift in Sources */,
				53DADFB017C39C303935AA18 /* CheckInIntent.swift in Sources */,
				BD3031A3E2ECC46301272790 /* SelfDisciplineModel.swift in Sources */,
				9D41D4398333A9518DDC2A0C /* CheckInStore.swift in Sources */,
				B43EF8871B2875DC972A04A5 /* SelfDisciplineSnapshot.swift in Sources */,
				BAA5984541DE214D14E7FAE0 /* SelfDisciplineUI.swift in Sources */,
				E944D1E69BC9CC8E909F0B04 /* Color+Tokens.swift in Sources */,
			);
			runOnlyForDeploymentPostprocessing = 0;
		};
/* End PBXSourcesBuildPhase section */

/* Begin PBXTargetDependency section */
		22DC0D616098ECCE0D2CE650 /* PBXTargetDependency */ = {
			isa = PBXTargetDependency;
			name = SelfDisciplineWidgetExtension;
			target = 5EB8B2C7CF9474F098553D59 /* SelfDisciplineWidgetExtension */;
			targetProxy = E1784BF7997B74C79B55B83E /* PBXContainerItemProxy */;
		};
/* End PBXTargetDependency section */

/* Begin XCBuildConfiguration section */
		13000000000000000000004A /* Debug */ = {
			isa = XCBuildConfiguration;
			buildSettings = {
				ALWAYS_SEARCH_USER_PATHS = NO;
				CLANG_ANALYZER_NONNULL = YES;
				CLANG_ANALYZER_NUMBER_OBJECT_CONVERSION = YES_AGGRESSIVE;
				CLANG_CXX_LANGUAGE_STANDARD = "gnu++20";
				CLANG_ENABLE_MODULES = YES;
				CLANG_ENABLE_OBJC_ARC = YES;
				CLANG_ENABLE_OBJC_WEAK = YES;
				CLANG_WARN_BLOCK_CAPTURE_AUTORELEASING = YES;
				CLANG_WARN_BOOL_CONVERSION = YES;
				CLANG_WARN_COMMA = YES;
				CLANG_WARN_CONSTANT_CONVERSION = YES;
				CLANG_WARN_DEPRECATED_OBJC_IMPLEMENTATIONS = YES;
				CLANG_WARN_DIRECT_OBJC_ISA_USAGE = YES_ERROR;
				CLANG_WARN_DOCUMENTATION_COMMENTS = YES;
				CLANG_WARN_EMPTY_BODY = YES;
				CLANG_WARN_ENUM_CONVERSION = YES;
				CLANG_WARN_INFINITE_RECURSION = YES;
				CLANG_WARN_INT_CONVERSION = YES;
				CLANG_WARN_NON_LITERAL_NULL_CONVERSION = YES;
				CLANG_WARN_OBJC_IMPLICIT_RETAIN_SELF = YES;
				CLANG_WARN_OBJC_LITERAL_CONVERSION = YES;
				CLANG_WARN_OBJC_ROOT_CLASS = YES_ERROR;
				CLANG_WARN_QUOTED_INCLUDE_IN_FRAMEWORK_HEADER = YES;
				CLANG_WARN_RANGE_LOOP_ANALYSIS = YES;
				CLANG_WARN_STRICT_PROTOTYPES = YES;
				CLANG_WARN_SUSPICIOUS_MOVE = YES;
				CLANG_WARN_UNGUARDED_AVAILABILITY = YES_AGGRESSIVE;
				CLANG_WARN_UNREACHABLE_CODE = YES;
				CLANG_WARN__DUPLICATE_METHOD_MATCH = YES;
				COPY_PHASE_STRIP = NO;
				DEBUG_INFORMATION_FORMAT = dwarf;
				ENABLE_STRICT_OBJC_MSGSEND = YES;
				ENABLE_TESTABILITY = YES;
				GCC_C_LANGUAGE_STANDARD = gnu11;
				GCC_DYNAMIC_NO_PIC = NO;
				GCC_NO_COMMON_BLOCKS = YES;
				GCC_OPTIMIZATION_LEVEL = 0;
				GCC_PREPROCESSOR_DEFINITIONS = (
					"DEBUG=1",
					"$(inherited)",
				);
				GCC_WARN_64_TO_32_BIT_CONVERSION = YES;
				GCC_WARN_ABOUT_RETURN_TYPE = YES_ERROR;
				GCC_WARN_UNDECLARED_SELECTOR = YES;
				GCC_WARN_UNINITIALIZED_AUTOS = YES_AGGRESSIVE;
				GCC_WARN_UNUSED_FUNCTION = YES;
				GCC_WARN_UNUSED_VARIABLE = YES;
				IPHONEOS_DEPLOYMENT_TARGET = 17.0;
				MTL_ENABLE_DEBUG_INFO = INCLUDE_SOURCE;
				MTL_FAST_MATH = YES;
				ONLY_ACTIVE_ARCH = YES;
				SDKROOT = iphoneos;
				SWIFT_ACTIVE_COMPILATION_CONDITIONS = DEBUG;
				SWIFT_OPTIMIZATION_LEVEL = "-Onone";
			};
			name = Debug;
		};
		14000000000000000000004B /* Release */ = {
			isa = XCBuildConfiguration;
			buildSettings = {
				ALWAYS_SEARCH_USER_PATHS = NO;
				CLANG_ANALYZER_NONNULL = YES;
				CLANG_ANALYZER_NUMBER_OBJECT_CONVERSION = YES_AGGRESSIVE;
				CLANG_CXX_LANGUAGE_STANDARD = "gnu++20";
				CLANG_ENABLE_MODULES = YES;
				CLANG_ENABLE_OBJC_ARC = YES;
				CLANG_ENABLE_OBJC_WEAK = YES;
				CLANG_WARN_BLOCK_CAPTURE_AUTORELEASING = YES;
				CLANG_WARN_BOOL_CONVERSION = YES;
				CLANG_WARN_COMMA = YES;
				CLANG_WARN_CONSTANT_CONVERSION = YES;
				CLANG_WARN_DEPRECATED_OBJC_IMPLEMENTATIONS = YES;
				CLANG_WARN_DIRECT_OBJC_ISA_USAGE = YES_ERROR;
				CLANG_WARN_DOCUMENTATION_COMMENTS = YES;
				CLANG_WARN_EMPTY_BODY = YES;
				CLANG_WARN_ENUM_CONVERSION = YES;
				CLANG_WARN_INFINITE_RECURSION = YES;
				CLANG_WARN_INT_CONVERSION = YES;
				CLANG_WARN_NON_LITERAL_NULL_CONVERSION = YES;
				CLANG_WARN_OBJC_IMPLICIT_RETAIN_SELF = YES;
				CLANG_WARN_OBJC_LITERAL_CONVERSION = YES;
				CLANG_WARN_OBJC_ROOT_CLASS = YES_ERROR;
				CLANG_WARN_QUOTED_INCLUDE_IN_FRAMEWORK_HEADER = YES;
				CLANG_WARN_RANGE_LOOP_ANALYSIS = YES;
				CLANG_WARN_STRICT_PROTOTYPES = YES;
				CLANG_WARN_SUSPICIOUS_MOVE = YES;
				CLANG_WARN_UNGUARDED_AVAILABILITY = YES_AGGRESSIVE;
				CLANG_WARN_UNREACHABLE_CODE = YES;
				CLANG_WARN__DUPLICATE_METHOD_MATCH = YES;
				COPY_PHASE_STRIP = NO;
				DEBUG_INFORMATION_FORMAT = "dwarf-with-dsym";
				ENABLE_NS_ASSERTIONS = NO;
				ENABLE_STRICT_OBJC_MSGSEND = YES;
				GCC_C_LANGUAGE_STANDARD = gnu11;
				GCC_NO_COMMON_BLOCKS = YES;
				GCC_WARN_64_TO_32_BIT_CONVERSION = YES;
				GCC_WARN_ABOUT_RETURN_TYPE = YES_ERROR;
				GCC_WARN_UNDECLARED_SELECTOR = YES;
				GCC_WARN_UNINITIALIZED_AUTOS = YES_AGGRESSIVE;
				GCC_WARN_UNUSED_FUNCTION = YES;
				GCC_WARN_UNUSED_VARIABLE = YES;
				IPHONEOS_DEPLOYMENT_TARGET = 17.0;
				MTL_ENABLE_DEBUG_INFO = NO;
				MTL_FAST_MATH = YES;
				SDKROOT = iphoneos;
				SWIFT_COMPILATION_MODE = wholemodule;
				SWIFT_OPTIMIZATION_LEVEL = "-O";
				VALIDATE_PRODUCT = YES;
			};
			name = Release;
		};
		15000000000000000000004C /* Debug */ = {
			isa = XCBuildConfiguration;
			buildSettings = {
				ASSETCATALOG_COMPILER_APPICON_NAME = AppIcon;
				ASSETCATALOG_COMPILER_GLOBAL_ACCENT_COLOR_NAME = AccentColor;
				CODE_SIGN_ENTITLEMENTS = HealthApp/HealthApp.entitlements;
				CODE_SIGN_STYLE = Automatic;
				CURRENT_PROJECT_VERSION = 19;
				DEVELOPMENT_TEAM = 64FF893SV4;
				ENABLE_PREVIEWS = YES;
				GENERATE_INFOPLIST_FILE = YES;
				INFOPLIST_KEY_CFBundleDisplayName = "加油吖！";
				INFOPLIST_KEY_CFBundleName = "加油吖！";
				INFOPLIST_KEY_NSHealthShareUsageDescription = "用于读取体重、睡眠、运动与心率数据，在本机生成健康趋势分析。";
				INFOPLIST_KEY_NSPhotoLibraryAddUsageDescription = "用于把分析报告长图保存到你的相册。";
				INFOPLIST_KEY_UIApplicationSceneManifest_Generation = YES;
				INFOPLIST_KEY_UIApplicationSupportsIndirectInputEvents = YES;
				INFOPLIST_KEY_UILaunchScreen_Generation = YES;
				INFOPLIST_KEY_UISupportedInterfaceOrientations_iPad = "UIInterfaceOrientationPortrait UIInterfaceOrientationPortraitUpsideDown UIInterfaceOrientationLandscapeLeft UIInterfaceOrientationLandscapeRight";
				INFOPLIST_KEY_UISupportedInterfaceOrientations_iPhone = "UIInterfaceOrientationPortrait UIInterfaceOrientationLandscapeLeft UIInterfaceOrientationLandscapeRight";
				LD_RUNPATH_SEARCH_PATHS = (
					"$(inherited)",
					"@executable_path/Frameworks",
				);
				MARKETING_VERSION = 1.2.14;
				PRODUCT_BUNDLE_IDENTIFIER = com.xltc.sdlyc;
				PRODUCT_NAME = "$(TARGET_NAME)";
				SWIFT_EMIT_LOC_STRINGS = YES;
				SWIFT_VERSION = 5.0;
				TARGETED_DEVICE_FAMILY = "1,2";
			};
			name = Debug;
		};
		16000000000000000000004D /* Release */ = {
			isa = XCBuildConfiguration;
			buildSettings = {
				ASSETCATALOG_COMPILER_APPICON_NAME = AppIcon;
				ASSETCATALOG_COMPILER_GLOBAL_ACCENT_COLOR_NAME = AccentColor;
				CODE_SIGN_ENTITLEMENTS = HealthApp/HealthApp.entitlements;
				CODE_SIGN_STYLE = Automatic;
				CURRENT_PROJECT_VERSION = 19;
				DEVELOPMENT_TEAM = 64FF893SV4;
				ENABLE_PREVIEWS = YES;
				GENERATE_INFOPLIST_FILE = YES;
				INFOPLIST_KEY_CFBundleDisplayName = "加油吖！";
				INFOPLIST_KEY_CFBundleName = "加油吖！";
				INFOPLIST_KEY_NSHealthShareUsageDescription = "用于读取体重、睡眠、运动与心率数据，在本机生成健康趋势分析。";
				INFOPLIST_KEY_NSPhotoLibraryAddUsageDescription = "用于把分析报告长图保存到你的相册。";
				INFOPLIST_KEY_UIApplicationSceneManifest_Generation = YES;
				INFOPLIST_KEY_UIApplicationSupportsIndirectInputEvents = YES;
				INFOPLIST_KEY_UILaunchScreen_Generation = YES;
				INFOPLIST_KEY_UISupportedInterfaceOrientations_iPad = "UIInterfaceOrientationPortrait UIInterfaceOrientationPortraitUpsideDown UIInterfaceOrientationLandscapeLeft UIInterfaceOrientationLandscapeRight";
				INFOPLIST_KEY_UISupportedInterfaceOrientations_iPhone = "UIInterfaceOrientationPortrait UIInterfaceOrientationLandscapeLeft UIInterfaceOrientationLandscapeRight";
				LD_RUNPATH_SEARCH_PATHS = (
					"$(inherited)",
					"@executable_path/Frameworks",
				);
				MARKETING_VERSION = 1.2.14;
				PRODUCT_BUNDLE_IDENTIFIER = com.xltc.sdlyc;
				PRODUCT_NAME = "$(TARGET_NAME)";
				SWIFT_EMIT_LOC_STRINGS = YES;
				SWIFT_VERSION = 5.0;
				TARGETED_DEVICE_FAMILY = "1,2";
			};
			name = Release;
		};
		6DBB96C9BBD5F90C27007AF5 /* Release */ = {
			isa = XCBuildConfiguration;
			buildSettings = {
				CLANG_ENABLE_OBJC_WEAK = NO;
				CODE_SIGN_ENTITLEMENTS = SelfDisciplineWidget/SelfDisciplineWidget.entitlements;
				CODE_SIGN_STYLE = Automatic;
				CURRENT_PROJECT_VERSION = 19;
				DEVELOPMENT_TEAM = 64FF893SV4;
				GENERATE_INFOPLIST_FILE = NO;
				INFOPLIST_FILE = SelfDisciplineWidget/Info.plist;
				IPHONEOS_DEPLOYMENT_TARGET = 17.0;
				LD_RUNPATH_SEARCH_PATHS = (
					"$(inherited)",
					"@executable_path/Frameworks",
					"@executable_path/../../Frameworks",
				);
				MARKETING_VERSION = 1.2.14;
				PRODUCT_BUNDLE_IDENTIFIER = com.xltc.sdlyc.SelfDisciplineWidget;
				PRODUCT_NAME = "$(TARGET_NAME)";
				SDKROOT = iphoneos;
				SKIP_INSTALL = YES;
				SWIFT_EMIT_LOC_STRINGS = YES;
				SWIFT_VERSION = 5.0;
				TARGETED_DEVICE_FAMILY = "1,2";
				VALIDATE_PRODUCT = YES;
			};
			name = Release;
		};
		74C22963E8144F6377A6F92D /* Debug */ = {
			isa = XCBuildConfiguration;
			buildSettings = {
				CLANG_ENABLE_OBJC_WEAK = NO;
				CODE_SIGN_ENTITLEMENTS = SelfDisciplineWidget/SelfDisciplineWidget.entitlements;
				CODE_SIGN_STYLE = Automatic;
				CURRENT_PROJECT_VERSION = 19;
				DEVELOPMENT_TEAM = 64FF893SV4;
				GENERATE_INFOPLIST_FILE = NO;
				INFOPLIST_FILE = SelfDisciplineWidget/Info.plist;
				IPHONEOS_DEPLOYMENT_TARGET = 17.0;
				LD_RUNPATH_SEARCH_PATHS = (
					"$(inherited)",
					"@executable_path/Frameworks",
					"@executable_path/../../Frameworks",
				);
				MARKETING_VERSION = 1.2.14;
				PRODUCT_BUNDLE_IDENTIFIER = com.xltc.sdlyc.SelfDisciplineWidget;
				PRODUCT_NAME = "$(TARGET_NAME)";
				SDKROOT = iphoneos;
				SKIP_INSTALL = YES;
				SWIFT_EMIT_LOC_STRINGS = YES;
				SWIFT_VERSION = 5.0;
				TARGETED_DEVICE_FAMILY = "1,2";
			};
			name = Debug;
		};
/* End XCBuildConfiguration section */

/* Begin XCConfigurationList section */
		110000000000000000000048 /* Build configuration list for PBXProject "HealthApp" */ = {
			isa = XCConfigurationList;
			buildConfigurations = (
				13000000000000000000004A /* Debug */,
				14000000000000000000004B /* Release */,
			);
			defaultConfigurationIsVisible = 0;
			defaultConfigurationName = Release;
		};
		120000000000000000000049 /* Build configuration list for PBXNativeTarget "HealthApp" */ = {
			isa = XCConfigurationList;
			buildConfigurations = (
				15000000000000000000004C /* Debug */,
				16000000000000000000004D /* Release */,
			);
			defaultConfigurationIsVisible = 0;
			defaultConfigurationName = Release;
		};
		A98A9810426E4BD41F027410 /* Build configuration list for PBXNativeTarget "SelfDisciplineWidgetExtension" */ = {
			isa = XCConfigurationList;
			buildConfigurations = (
				6DBB96C9BBD5F90C27007AF5 /* Release */,
				74C22963E8144F6377A6F92D /* Debug */,
			);
			defaultConfigurationIsVisible = 0;
			defaultConfigurationName = Release;
		};
/* End XCConfigurationList section */
	};
	rootObject = 0C0000000000000000000043 /* Project object */;
}
